schema: '2.0'
stages:
  ingest:
    cmd: python3 src/ingest.py
    deps:
    - path: src/ingest.py
      md5: 11f2c791d421cf2ca7beda3b99798aa5
      size: 614
    params:
      params.yaml:
        ingest.dcount: 1
    outs:
    - path: data/prepared
      md5: 4d79ebfa4b97ed2fe3749a94a8a1c65a.dir
      size: 141833186
      nfiles: 1888
  predict:
    cmd: python3 src/predict.py data/prepared data/predictions data/store
    deps:
    - path: data/prepared
      md5: f6eb12166cd084b26e83dd52d2b827ef.dir
      size: 533971
      nfiles: 10
    - path: src/predict.py
      md5: a0879833f39778bd56830e837a7c1007
      size: 2215
    params:
      params.yaml:
        ingest.dcount: 1
    outs:
    - path: data/predictions
      md5: 9a6564485e70e293a939edb530bd46e7.dir
      size: 1466
      nfiles: 1
  transform:
    cmd: python3 src/transform.py data/prepared data/transformed
    deps:
    - path: data/prepared
      md5: f6eb12166cd084b26e83dd52d2b827ef.dir
      size: 533971
      nfiles: 10
    - path: src/transform.py
      md5: 1ef7d77a46b77b0929aad454bcf7d721
      size: 2419
    params:
      params.yaml:
        ingest.dcount: 1
    outs:
    - path: data/transformed
      md5: cd6a21d05f1d0c73b60d34d15a1fe584.dir
      size: 1751
      nfiles: 1
  evaluate:
    cmd: python3 src/evaluate.py data/prepared data/transformed data/predictions data/evaluated
      data/store
    deps:
    - path: data/predictions
      md5: 9a6564485e70e293a939edb530bd46e7.dir
      size: 1466
      nfiles: 1
    - path: data/prepared
      md5: f6eb12166cd084b26e83dd52d2b827ef.dir
      size: 533971
      nfiles: 10
    - path: data/transformed
      md5: cd6a21d05f1d0c73b60d34d15a1fe584.dir
      size: 1751
      nfiles: 1
    params:
      params.yaml:
        ingest.dcount: 1
    outs:
    - path: data/evaluated
      md5: 6597630622cf7ddd531bc0a2d1d3bcfa.dir
      size: 560713
      nfiles: 5
  train:
    cmd: python3 src/train.py data/split data/trained data/augmented
    deps:
    - path: data/augmented
      md5: d751713988987e9331980363e24189ce.dir
      size: 0
      nfiles: 0
    - path: data/split
      md5: f108b1763cd2bb77fe2d50e6fa40b4cd.dir
      size: 199890908
      nfiles: 3304
    - path: src/train.py
      md5: 44ead97455ea020033019cf48c64a02d
      size: 516
    params:
      params.yaml:
        ingest.dcount: 1
    outs:
    - path: data/trained
      md5: d751713988987e9331980363e24189ce.dir
      size: 0
      nfiles: 0
  split:
    cmd: python3 src/split_yolo.py data/prepared data/split
    deps:
    - path: data/prepared
      md5: 71f0c7855d18cd0480d1b1c7c331244e.dir
      size: 824934
      nfiles: 944
    - path: src/split_yolo.py
      md5: 27c3974cdf64d080724069a0780be4af
      size: 7074
    params:
      params.yaml:
        ingest.dcount: 1
    outs:
    - path: data/split
      md5: b2c4c2764c55e1f29588314be2986f15.dir
      size: 141061968
      nfiles: 1888
  augment:
    cmd: python3 src/augment_yolo.py data/split data/augmented
    deps:
    - path: data/split
      md5: 76be53903445c7894e750ebbc5e2ebe0.dir
      size: 199445335
      nfiles: 3302
    - path: src/augment_yolo.py
      md5: a334d22e12a50ed789ee1135f9af896b
      size: 4981
    params:
      params.yaml:
        ingest.dcount: 1
    outs:
    - path: data/augmented
      md5: d751713988987e9331980363e24189ce.dir
      size: 0
      nfiles: 0
