schema: '2.0'
stages:
  ingest:
    cmd: python3 src/ingest.py
    deps:
    - path: src/ingest.py
      md5: ba78a329b0e9be7db030925dd50d7840
      size: 677
    params:
      params.yaml:
        ingest.dcount: 1
    outs:
    - path: data/prepared
      md5: 4d79ebfa4b97ed2fe3749a94a8a1c65a.dir
      size: 141833186
      nfiles: 1888
  predict:
    cmd: python3 src/predict.py data/split data/predicted data/split
    deps:
    - path: data/split
      md5: dfdd928cf7d62da63216342c93a47b61.dir
      size: 141089292
      nfiles: 1889
    - path: src/predict.py
      md5: e3d8acdbdedc7ee26392d108b1f0b693
      size: 810
    params:
      params.yaml:
        ingest.dcount: 1
    outs:
    - path: data/predicted
      md5: d751713988987e9331980363e24189ce.dir
      size: 0
      nfiles: 0
  transform:
    cmd: python3 src/transform.py data/prepared data/transformed
    deps:
    - path: data/prepared
      md5: f6eb12166cd084b26e83dd52d2b827ef.dir
      size: 533971
      nfiles: 10
    - path: src/transform.py
      md5: 1ef7d77a46b77b0929aad454bcf7d721
      size: 2419
    params:
      params.yaml:
        ingest.dcount: 1
    outs:
    - path: data/transformed
      md5: cd6a21d05f1d0c73b60d34d15a1fe584.dir
      size: 1751
      nfiles: 1
  evaluate:
    cmd: python3 src/evaluate.py data/prepared data/transformed data/predictions data/evaluated
      data/store
    deps:
    - path: data/predictions
      md5: 9a6564485e70e293a939edb530bd46e7.dir
      size: 1466
      nfiles: 1
    - path: data/prepared
      md5: f6eb12166cd084b26e83dd52d2b827ef.dir
      size: 533971
      nfiles: 10
    - path: data/transformed
      md5: cd6a21d05f1d0c73b60d34d15a1fe584.dir
      size: 1751
      nfiles: 1
    params:
      params.yaml:
        ingest.dcount: 1
    outs:
    - path: data/evaluated
      md5: 6597630622cf7ddd531bc0a2d1d3bcfa.dir
      size: 560713
      nfiles: 5
  train:
    cmd: python3 src/train.py data/split data/trained data/augmented
    deps:
    - path: data/augmented
      md5: d751713988987e9331980363e24189ce.dir
      size: 0
      nfiles: 0
    - path: data/split
      md5: bd7a55129f41aa31018b00d1cc0b9756.dir
      size: 201944445
      nfiles: 3304
    - path: src/train.py
      md5: da13701898f22dbd46463fbb215749c0
      size: 839
    params:
      params.yaml:
        ingest.dcount: 1
    outs:
    - path: data/trained
      md5: d751713988987e9331980363e24189ce.dir
      size: 0
      nfiles: 0
  split:
    cmd: python3 src/split.py data/prepared data/split
    deps:
    - path: data/prepared
      md5: 71f0c7855d18cd0480d1b1c7c331244e.dir
      size: 824934
      nfiles: 944
    - path: src/split.py
      md5: a02cf49ff108aa601c56df82bc6639d4
      size: 6091
    params:
      params.yaml:
        ingest.dcount: 1
    outs:
    - path: data/split
      md5: 1c175cb92739387ea16444b94b7659a9.dir
      size: 141061968
      nfiles: 1888
  augment:
    cmd: python3 src/augment.py data/split data/augmented
    deps:
    - path: data/split
      md5: 6889b6b8fb2964342390f98f3630a690.dir
      size: 201484981
      nfiles: 3303
    - path: src/augment.py
      md5: 167bbcddc667c548f3fbb607b07a4237
      size: 4834
    params:
      params.yaml:
        ingest.dcount: 1
    outs:
    - path: data/augmented
      md5: d751713988987e9331980363e24189ce.dir
      size: 0
      nfiles: 0
  compare:
    cmd: python3 src/compare.py data/trained data/compared data/predicted
    deps:
    - path: data/predicted
      md5: d751713988987e9331980363e24189ce.dir
      size: 0
      nfiles: 0
    - path: data/trained
      md5: d751713988987e9331980363e24189ce.dir
      size: 0
      nfiles: 0
    - path: src/compare.py
      md5: 44ca7a493399152d0b0679716a6d31b4
      size: 2569
    params:
      params.yaml:
        ingest.dcount: 1
        yolov5.hyps.epochs: 20
        yolov5.weights: runs/train/exp3/weights/best.pt
    outs:
    - path: data/compared
      md5: d751713988987e9331980363e24189ce.dir
      size: 0
      nfiles: 0
