schema: '2.0'
stages:
  ingest:
    cmd: python3 src/ingest.py
    deps:
    - path: src/ingest.py
      md5: 7fd239e8fcdb10f117e085020b1e6151
      size: 665
    params:
      params.yaml:
        ingest.dcount: 2
    outs:
    - path: data/prepared
      md5: 2ef432e9550d604f192dc6e93e3124c0.dir
      size: 141833186
      nfiles: 1888
  predict:
    cmd: python3 src/predict.py data/split data/predicted data/split
    deps:
    - path: data/split
      md5: f19f9211b92d6c647527ab04b1becf81.dir
      size: 141086157
      nfiles: 1889
    - path: src/predict.py
      md5: e3d8acdbdedc7ee26392d108b1f0b693
      size: 810
    params:
      params.yaml:
        ingest.dcount: 2
    outs:
    - path: data/predicted
      md5: d751713988987e9331980363e24189ce.dir
      size: 0
      nfiles: 0
  transform:
    cmd: python3 src/transform.py data/prepared data/transformed
    deps:
    - path: data/prepared
      md5: f6eb12166cd084b26e83dd52d2b827ef.dir
      size: 533971
      nfiles: 10
    - path: src/transform.py
      md5: 1ef7d77a46b77b0929aad454bcf7d721
      size: 2419
    params:
      params.yaml:
        ingest.dcount: 1
    outs:
    - path: data/transformed
      md5: cd6a21d05f1d0c73b60d34d15a1fe584.dir
      size: 1751
      nfiles: 1
  evaluate:
    cmd: python3 src/evaluate.py data/prepared data/transformed data/predictions data/evaluated
      data/store
    deps:
    - path: data/predictions
      md5: 9a6564485e70e293a939edb530bd46e7.dir
      size: 1466
      nfiles: 1
    - path: data/prepared
      md5: f6eb12166cd084b26e83dd52d2b827ef.dir
      size: 533971
      nfiles: 10
    - path: data/transformed
      md5: cd6a21d05f1d0c73b60d34d15a1fe584.dir
      size: 1751
      nfiles: 1
    params:
      params.yaml:
        ingest.dcount: 1
    outs:
    - path: data/evaluated
      md5: 6597630622cf7ddd531bc0a2d1d3bcfa.dir
      size: 560713
      nfiles: 5
  train:
    cmd: python3 src/train.py data/split data/trained data/augmented
    deps:
    - path: data/augmented
      md5: d751713988987e9331980363e24189ce.dir
      size: 0
      nfiles: 0
    - path: data/split
      md5: f3907e3590ac1ed9d752f81b602e42fc.dir
      size: 198772856
      nfiles: 3304
    - path: src/train.py
      md5: da13701898f22dbd46463fbb215749c0
      size: 839
    params:
      params.yaml:
        ingest.dcount: 2
    outs:
    - path: data/trained
      md5: d751713988987e9331980363e24189ce.dir
      size: 0
      nfiles: 0
  split:
    cmd: python3 src/split.py data/prepared data/split
    deps:
    - path: data/prepared
      md5: 24ff39135e4b27000c625d688715df0b.dir
      size: 824934
      nfiles: 944
    - path: src/split.py
      md5: 25678e022b95efc9aca69859b8a377d6
      size: 5959
    params:
      params.yaml:
        ingest.dcount: 2
    outs:
    - path: data/split
      md5: c6f3bb682585e8292624ce698f4bc495.dir
      size: 141061968
      nfiles: 1888
  augment:
    cmd: python3 src/augment.py data/split data/augmented
    deps:
    - path: data/split
      md5: 8afa601af53662ed21c8db6e74f1787f.dir
      size: 198364740
      nfiles: 3303
    - path: src/augment.py
      md5: 66485d9686ad35082b3e51dd6dd1603c
      size: 4768
    params:
      params.yaml:
        ingest.dcount: 2
    outs:
    - path: data/augmented
      md5: d751713988987e9331980363e24189ce.dir
      size: 0
      nfiles: 0
  compare:
    cmd: python3 src/compare.py data/trained data/compared data/predicted
    deps:
    - path: data/predicted
      md5: d751713988987e9331980363e24189ce.dir
      size: 0
      nfiles: 0
    - path: data/trained
      md5: d751713988987e9331980363e24189ce.dir
      size: 0
      nfiles: 0
    - path: src/compare.py
      md5: 44ca7a493399152d0b0679716a6d31b4
      size: 2569
    params:
      params.yaml:
        ingest.dcount: 2
        yolov5.hyps.epochs: 1
        yolov5.weights: pretrained/best.pt
    outs:
    - path: data/compared
      md5: d751713988987e9331980363e24189ce.dir
      size: 0
      nfiles: 0
